speakeasyVersion: 1.788.1
sources:
    Prism:
        sourceNamespace: prism
        sourceRevisionDigest: sha256:10f7882562313c7be78fd31e2f984553b58b2ba3a09e212fa890d161fe09b017
        sourceBlobDigest: sha256:df7ff4bee0dc3d99e95047aed93c851eaad978c4c40b34151c87a9265740af79
        tags:
            - latest
targets:
    micro-cli:
        source: Prism
        sourceNamespace: prism
        sourceRevisionDigest: sha256:10f7882562313c7be78fd31e2f984553b58b2ba3a09e212fa890d161fe09b017
        sourceBlobDigest: sha256:df7ff4bee0dc3d99e95047aed93c851eaad978c4c40b34151c87a9265740af79
workflow:
    workflowVersion: 1.0.0
    speakeasyVersion: latest
    sources:
        Prism:
            inputs:
                - location: registry.speakeasyapi.dev/micro/micro/prism
    targets:
        micro-cli:
            target: cli
            source: Prism
            output: .
